Microsoft Visual Studio Solution File, Format Version 12.00
# Visual Studio Version 17
VisualStudioVersion = 17.0.31912.275
MinimumVisualStudioVersion = 10.0.40219.1
Project("{FAE04EC0-301F-11D3-BF4B-00C04F79EFBC}") = "McServerManager.Domain", "src\McServerManager.Domain\McServerManager.Domain.csproj", "{7A1E4571-861E-42C6-9705-8680A993746B}"
EndProject
Project("{FAE04EC0-301F-11D3-BF4B-00C04F79EFBC}") = "McServerManager.Application", "src\McServerManager.Application\McServerManager.Application.csproj", "{358A8C0E-4A73-42AE-A2E6-6C70228CD89F}"
EndProject
Project("{FAE04EC0-301F-11D3-BF4B-00C04F79EFBC}") = "McServerManager.Infrastructure", "src\McServerManager.Infrastructure\McServerManager.Infrastructure.csproj", "{B410FC6A-1915-4B6E-B9E7-82C8373F555C}"
EndProject
Project("{FAE04EC0-301F-11D3-BF4B-00C04F79EFBC}") = "McServerManager.Desktop", "src\McServerManager.Desktop\McServerManager.Desktop.csproj", "{1A4D86A4-4A89-41B9-8907-280A75E0C3A8}"
EndProject
Project("{FAE04EC0-301F-11D3-BF4B-00C04F79EFBC}") = "McServerManager.UnitTests", "tests\McServerManager.UnitTests\McServerManager.UnitTests.csproj", "{CFC19B9E-6A06-4D90-93BD-6F1539A2B42C}"
EndProject
Project("{FAE04EC0-301F-11D3-BF4B-00C04F79EFBC}") = "McServerManager.IntegrationTests", "tests\McServerManager.IntegrationTests\McServerManager.IntegrationTests.csproj", "{50EB5677-7B01-402A-8B2C-B8E54AAAC2F4}"
EndProject
Global
  GlobalSection(SolutionConfigurationPlatforms) = preSolution
    Debug|Any CPU = Debug|Any CPU
    Release|Any CPU = Release|Any CPU
  EndGlobalSection
  GlobalSection(ProjectConfigurationPlatforms) = postSolution
    {7A1E4571-861E-42C6-9705-8680A993746B}.Debug|Any CPU.ActiveCfg = Debug|Any CPU
    {7A1E4571-861E-42C6-9705-8680A993746B}.Debug|Any CPU.Build.0 = Debug|Any CPU
    {7A1E4571-861E-42C6-9705-8680A993746B}.Release|Any CPU.ActiveCfg = Release|Any CPU
    {7A1E4571-861E-42C6-9705-8680A993746B}.Release|Any CPU.Build.0 = Release|Any CPU
    {358A8C0E-4A73-42AE-A2E6-6C70228CD89F}.Debug|Any CPU.ActiveCfg = Debug|Any CPU
    {358A8C0E-4A73-42AE-A2E6-6C70228CD89F}.Debug|Any CPU.Build.0 = Debug|Any CPU
    {358A8C0E-4A73-42AE-A2E6-6C70228CD89F}.Release|Any CPU.ActiveCfg = Release|Any CPU
    {358A8C0E-4A73-42AE-A2E6-6C70228CD89F}.Release|Any CPU.Build.0 = Release|Any CPU
    {B410FC6A-1915-4B6E-B9E7-82C8373F555C}.Debug|Any CPU.ActiveCfg = Debug|Any CPU
    {B410FC6A-1915-4B6E-B9E7-82C8373F555C}.Debug|Any CPU.Build.0 = Debug|Any CPU
    {B410FC6A-1915-4B6E-B9E7-82C8373F555C}.Release|Any CPU.ActiveCfg = Release|Any CPU
    {B410FC6A-1915-4B6E-B9E7-82C8373F555C}.Release|Any CPU.Build.0 = Release|Any CPU
    {1A4D86A4-4A89-41B9-8907-280A75E0C3A8}.Debug|Any CPU.ActiveCfg = Debug|Any CPU
    {1A4D86A4-4A89-41B9-8907-280A75E0C3A8}.Debug|Any CPU.Build.0 = Debug|Any CPU
    {1A4D86A4-4A89-41B9-8907-280A75E0C3A8}.Release|Any CPU.ActiveCfg = Release|Any CPU
    {1A4D86A4-4A89-41B9-8907-280A75E0C3A8}.Release|Any CPU.Build.0 = Release|Any CPU
    {CFC19B9E-6A06-4D90-93BD-6F1539A2B42C}.Debug|Any CPU.ActiveCfg = Debug|Any CPU
    {CFC19B9E-6A06-4D90-93BD-6F1539A2B42C}.Debug|Any CPU.Build.0 = Debug|Any CPU
    {CFC19B9E-6A06-4D90-93BD-6F1539A2B42C}.Release|Any CPU.ActiveCfg = Release|Any CPU
    {CFC19B9E-6A06-4D90-93BD-6F1539A2B42C}.Release|Any CPU.Build.0 = Release|Any CPU
    {50EB5677-7B01-402A-8B2C-B8E54AAAC2F4}.Debug|Any CPU.ActiveCfg = Debug|Any CPU
    {50EB5677-7B01-402A-8B2C-B8E54AAAC2F4}.Debug|Any CPU.Build.0 = Debug|Any CPU
    {50EB5677-7B01-402A-8B2C-B8E54AAAC2F4}.Release|Any CPU.ActiveCfg = Release|Any CPU
    {50EB5677-7B01-402A-8B2C-B8E54AAAC2F4}.Release|Any CPU.Build.0 = Release|Any CPU
  EndGlobalSection
  GlobalSection(SolutionProperties) = preSolution
    HideSolutionNode = FALSE
  EndGlobalSection
EndGlobal

